
Microsoft Visual Studio Solution File, Format Version 12.00
# Visual Studio Version 17
VisualStudioVersion = 17.11.35327.3
MinimumVisualStudioVersion = 10.0.40219.1
Project("{9A19103F-16F7-4668-BE54-9A1E7A4F7556}") = "SeetReservationService", "src\SeetReservationService\SeetReservationService.csproj", "{9B8DC1BC-0933-40C6-A66E-BE649BB309C4}"
EndProject
Project("{9A19103F-16F7-4668-BE54-9A1E7A4F7556}") = "SeetReservation.Domain", "src\SeetReservation.Domain\SeetReservation.Domain.csproj", "{F1447763-99FA-4118-B9EF-9411773348E0}"
EndProject
Project("{FAE04EC0-301F-11D3-BF4B-00C04F79EFBC}") = "Shared", "src\Shared\Shared.csproj", "{9CC5628C-CF4D-4779-A4A8-35049A16B4E1}"
EndProject
Global
	GlobalSection(SolutionConfigurationPlatforms) = preSolution
		Debug|Any CPU = Debug|Any CPU
		Release|Any CPU = Release|Any CPU
	EndGlobalSection
	GlobalSection(ProjectConfigurationPlatforms) = postSolution
		{9B8DC1BC-0933-40C6-A66E-BE649BB309C4}.Debug|Any CPU.ActiveCfg = Debug|Any CPU
		{9B8DC1BC-0933-40C6-A66E-BE649BB309C4}.Debug|Any CPU.Build.0 = Debug|Any CPU
		{9B8DC1BC-0933-40C6-A66E-BE649BB309C4}.Release|Any CPU.ActiveCfg = Release|Any CPU
		{9B8DC1BC-0933-40C6-A66E-BE649BB309C4}.Release|Any CPU.Build.0 = Release|Any CPU
		{F1447763-99FA-4118-B9EF-9411773348E0}.Debug|Any CPU.ActiveCfg = Debug|Any CPU
		{F1447763-99FA-4118-B9EF-9411773348E0}.Debug|Any CPU.Build.0 = Debug|Any CPU
		{F1447763-99FA-4118-B9EF-9411773348E0}.Release|Any CPU.ActiveCfg = Release|Any CPU
		{F1447763-99FA-4118-B9EF-9411773348E0}.Release|Any CPU.Build.0 = Release|Any CPU
		{9CC5628C-CF4D-4779-A4A8-35049A16B4E1}.Debug|Any CPU.ActiveCfg = Debug|Any CPU
		{9CC5628C-CF4D-4779-A4A8-35049A16B4E1}.Debug|Any CPU.Build.0 = Debug|Any CPU
		{9CC5628C-CF4D-4779-A4A8-35049A16B4E1}.Release|Any CPU.ActiveCfg = Release|Any CPU
		{9CC5628C-CF4D-4779-A4A8-35049A16B4E1}.Release|Any CPU.Build.0 = Release|Any CPU
	EndGlobalSection
	GlobalSection(SolutionProperties) = preSolution
		HideSolutionNode = FALSE
	EndGlobalSection
	GlobalSection(ExtensibilityGlobals) = postSolution
		SolutionGuid = {C8AEA7EB-2446-4549-BDF4-E77F4E51F178}
	EndGlobalSection
EndGlobal
